{
  "requires": true,
  "lockfileVersion": 1,
  "dependencies": {
    "memorystream": {
      "version": "0.3.1",
      "resolved": "https://registry.npmjs.org/memorystream/-/memorystream-0.3.1.tgz",
      "integrity": "sha1-htcJCzDORV1j+64S3aUaR93K+bI=",
      "dev": true
    },
    "tempper": {
      "version": "0.1.1",
      "resolved": "https://registry.npmjs.org/tempper/-/tempper-0.1.1.tgz",
      "integrity": "sha512-K9W9j4T+0sdYG9qxGBga96Z50OIHBoDZbQUIXCKlx9PuuRmWSxumUrQN2QXLP3K/iDW4poMHn5cZL5fDaAbY+Q==",
      "dev": true
    }
  }
}
